<Solution>
  <Project Path="AlbertoBizzini.Web/AlbertoBizzini.Web.csproj" />
  <Project Path="KindleClippings.ConsoleApp/KindleClippings.ConsoleApp.csproj">
    <Build Solution="Debug|*" Project="false" />
  </Project>
  <Project Path="KindleClippings.Parser/KindleClippings.Parser.csproj">
    <Build Solution="Debug|*" Project="false" />
  </Project>
</Solution>
